
Microsoft Visual Studio Solution File, Format Version 12.00
# Visual Studio Version 17
VisualStudioVersion = 17.9.34728.123
MinimumVisualStudioVersion = 10.0.40219.1
Project("{FAE04EC0-301F-11D3-BF4B-00C04F79EFBC}") = "YoutubeBlog.Web", "YoutubeBlog.Web\YoutubeBlog.Web.csproj", "{92571E9E-9DDF-43F6-AE12-24B2B7B46490}"
EndProject
Project("{FAE04EC0-301F-11D3-BF4B-00C04F79EFBC}") = "YoutubeBlog.Entity", "YoutubeBlog.Entity\YoutubeBlog.Entity.csproj", "{D9BAF3FF-2CB7-4D71-A536-7907FF074555}"
EndProject
Project("{FAE04EC0-301F-11D3-BF4B-00C04F79EFBC}") = "YoutubeBlog.Data", "YoutubeBlog.Data\YoutubeBlog.Data.csproj", "{BC11A981-48C3-4EA6-AF6D-9B5DCFDB91D0}"
EndProject
Project("{FAE04EC0-301F-11D3-BF4B-00C04F79EFBC}") = "YoutubeBlog.Service", "YoutubeBlog.Service\YoutubeBlog.Service.csproj", "{931331FC-712D-4656-B63B-2BC9A61F8E09}"
EndProject
Project("{FAE04EC0-301F-11D3-BF4B-00C04F79EFBC}") = "YoutubeBlog.Core", "YoutubeBlog.Core\YoutubeBlog.Core.csproj", "{9820BC9B-9D9F-4B87-A1F4-A46308A2DBD8}"
EndProject
Global
	GlobalSection(SolutionConfigurationPlatforms) = preSolution
		Debug|Any CPU = Debug|Any CPU
		Release|Any CPU = Release|Any CPU
	EndGlobalSection
	GlobalSection(ProjectConfigurationPlatforms) = postSolution
		{92571E9E-9DDF-43F6-AE12-24B2B7B46490}.Debug|Any CPU.ActiveCfg = Debug|Any CPU
		{92571E9E-9DDF-43F6-AE12-24B2B7B46490}.Debug|Any CPU.Build.0 = Debug|Any CPU
		{92571E9E-9DDF-43F6-AE12-24B2B7B46490}.Release|Any CPU.ActiveCfg = Release|Any CPU
		{92571E9E-9DDF-43F6-AE12-24B2B7B46490}.Release|Any CPU.Build.0 = Release|Any CPU
		{D9BAF3FF-2CB7-4D71-A536-7907FF074555}.Debug|Any CPU.ActiveCfg = Debug|Any CPU
		{D9BAF3FF-2CB7-4D71-A536-7907FF074555}.Debug|Any CPU.Build.0 = Debug|Any CPU
		{D9BAF3FF-2CB7-4D71-A536-7907FF074555}.Release|Any CPU.ActiveCfg = Release|Any CPU
		{D9BAF3FF-2CB7-4D71-A536-7907FF074555}.Release|Any CPU.Build.0 = Release|Any CPU
		{BC11A981-48C3-4EA6-AF6D-9B5DCFDB91D0}.Debug|Any CPU.ActiveCfg = Debug|Any CPU
		{BC11A981-48C3-4EA6-AF6D-9B5DCFDB91D0}.Debug|Any CPU.Build.0 = Debug|Any CPU
		{BC11A981-48C3-4EA6-AF6D-9B5DCFDB91D0}.Release|Any CPU.ActiveCfg = Release|Any CPU
		{BC11A981-48C3-4EA6-AF6D-9B5DCFDB91D0}.Release|Any CPU.Build.0 = Release|Any CPU
		{931331FC-712D-4656-B63B-2BC9A61F8E09}.Debug|Any CPU.ActiveCfg = Debug|Any CPU
		{931331FC-712D-4656-B63B-2BC9A61F8E09}.Debug|Any CPU.Build.0 = Debug|Any CPU
		{931331FC-712D-4656-B63B-2BC9A61F8E09}.Release|Any CPU.ActiveCfg = Release|Any CPU
		{931331FC-712D-4656-B63B-2BC9A61F8E09}.Release|Any CPU.Build.0 = Release|Any CPU
		{9820BC9B-9D9F-4B87-A1F4-A46308A2DBD8}.Debug|Any CPU.ActiveCfg = Debug|Any CPU
		{9820BC9B-9D9F-4B87-A1F4-A46308A2DBD8}.Debug|Any CPU.Build.0 = Debug|Any CPU
		{9820BC9B-9D9F-4B87-A1F4-A46308A2DBD8}.Release|Any CPU.ActiveCfg = Release|Any CPU
		{9820BC9B-9D9F-4B87-A1F4-A46308A2DBD8}.Release|Any CPU.Build.0 = Release|Any CPU
	EndGlobalSection
	GlobalSection(SolutionProperties) = preSolution
		HideSolutionNode = FALSE
	EndGlobalSection
	GlobalSection(ExtensibilityGlobals) = postSolution
		SolutionGuid = {151C8869-67AD-4C57-BCE4-FF2246BE313F}
	EndGlobalSection
EndGlobal
